
Microsoft Visual Studio Solution File, Format Version 12.00
# Visual Studio Version 16
VisualStudioVersion = 16.0.31025.218
MinimumVisualStudioVersion = 10.0.40219.1
Project("{FAE04EC0-301F-11D3-BF4B-00C04F79EFBC}") = "SoulWorkerResearch.Wireshark.PacketReader", "SoulWorkerResearch.Wireshark.PacketReader.csproj", "{77AA6553-0235-4C2A-8A43-3DFB53E078FA}"
EndProject
Global
	GlobalSection(SolutionConfigurationPlatforms) = preSolution
		Debug|Any CPU = Debug|Any CPU
		Release|Any CPU = Release|Any CPU
	EndGlobalSection
	GlobalSection(ProjectConfigurationPlatforms) = postSolution
		{77AA6553-0235-4C2A-8A43-3DFB53E078FA}.Debug|Any CPU.ActiveCfg = Debug|Any CPU
		{77AA6553-0235-4C2A-8A43-3DFB53E078FA}.Debug|Any CPU.Build.0 = Debug|Any CPU
		{77AA6553-0235-4C2A-8A43-3DFB53E078FA}.Release|Any CPU.ActiveCfg = Release|Any CPU
		{77AA6553-0235-4C2A-8A43-3DFB53E078FA}.Release|Any CPU.Build.0 = Release|Any CPU
	EndGlobalSection
	GlobalSection(SolutionProperties) = preSolution
		HideSolutionNode = FALSE
	EndGlobalSection
	GlobalSection(ExtensibilityGlobals) = postSolution
		SolutionGuid = {72CFF790-59C1-4EDC-A512-7518B2725C72}
	EndGlobalSection
EndGlobal
